
Microsoft Visual Studio Solution File, Format Version 12.00
# Visual Studio Version 16
VisualStudioVersion = 16.0.33328.57
MinimumVisualStudioVersion = 10.0.40219.1
Project("{FAE04EC0-301F-11D3-BF4B-00C04F79EFBC}") = "FolderSynchronizer", "FolderSynchronizer.csproj", "{982040FC-2CD0-4540-BE2E-45B539DFC006}"
EndProject
Global
	GlobalSection(SolutionConfigurationPlatforms) = preSolution
		Debug|Any CPU = Debug|Any CPU
		Release|Any CPU = Release|Any CPU
	EndGlobalSection
	GlobalSection(ProjectConfigurationPlatforms) = postSolution
		{982040FC-2CD0-4540-BE2E-45B539DFC006}.Debug|Any CPU.ActiveCfg = Debug|Any CPU
		{982040FC-2CD0-4540-BE2E-45B539DFC006}.Debug|Any CPU.Build.0 = Debug|Any CPU
		{982040FC-2CD0-4540-BE2E-45B539DFC006}.Release|Any CPU.ActiveCfg = Release|Any CPU
		{982040FC-2CD0-4540-BE2E-45B539DFC006}.Release|Any CPU.Build.0 = Release|Any CPU
	EndGlobalSection
	GlobalSection(SolutionProperties) = preSolution
		HideSolutionNode = FALSE
	EndGlobalSection
	GlobalSection(ExtensibilityGlobals) = postSolution
		SolutionGuid = {F1F387C0-7411-4B77-8013-D26E2C9E26D2}
	EndGlobalSection
EndGlobal
